
Microsoft Visual Studio Solution File, Format Version 12.00
Project("{FAE04EC0-301F-11D3-BF4B-00C04F79EFBC}") = "Ex-Chick-It-Server-DotMQ-Test", "Ex-Chick-It-Server-DotMQ-Test\Ex-Chick-It-Server-DotMQ-Test.csproj", "{C9396060-3BD3-4008-AA13-9C562E725671}"
EndProject
Global
	GlobalSection(SolutionConfigurationPlatforms) = preSolution
		Debug|Any CPU = Debug|Any CPU
		Release|Any CPU = Release|Any CPU
	EndGlobalSection
	GlobalSection(ProjectConfigurationPlatforms) = postSolution
		{C9396060-3BD3-4008-AA13-9C562E725671}.Debug|Any CPU.ActiveCfg = Debug|Any CPU
		{C9396060-3BD3-4008-AA13-9C562E725671}.Debug|Any CPU.Build.0 = Debug|Any CPU
		{C9396060-3BD3-4008-AA13-9C562E725671}.Release|Any CPU.ActiveCfg = Release|Any CPU
		{C9396060-3BD3-4008-AA13-9C562E725671}.Release|Any CPU.Build.0 = Release|Any CPU
	EndGlobalSection
EndGlobal
